
Microsoft Visual Studio Solution File, Format Version 12.00
# Visual Studio Version 17
VisualStudioVersion = 17.0.32014.148
MinimumVisualStudioVersion = 10.0.40219.1
Project("{FAE04EC0-301F-11D3-BF4B-00C04F79EFBC}") = "Projet_2_GoGreen", "Projet_2_GoGreen.csproj", "{B59A75CD-FDE7-4F68-8979-60C81A353F1A}"
EndProject
Global
	GlobalSection(SolutionConfigurationPlatforms) = preSolution
		Debug|Any CPU = Debug|Any CPU
		Release|Any CPU = Release|Any CPU
	EndGlobalSection
	GlobalSection(ProjectConfigurationPlatforms) = postSolution
		{B59A75CD-FDE7-4F68-8979-60C81A353F1A}.Debug|Any CPU.ActiveCfg = Debug|Any CPU
		{B59A75CD-FDE7-4F68-8979-60C81A353F1A}.Debug|Any CPU.Build.0 = Debug|Any CPU
		{B59A75CD-FDE7-4F68-8979-60C81A353F1A}.Release|Any CPU.ActiveCfg = Release|Any CPU
		{B59A75CD-FDE7-4F68-8979-60C81A353F1A}.Release|Any CPU.Build.0 = Release|Any CPU
	EndGlobalSection
	GlobalSection(SolutionProperties) = preSolution
		HideSolutionNode = FALSE
	EndGlobalSection
	GlobalSection(ExtensibilityGlobals) = postSolution
		SolutionGuid = {C967FAF4-8F0F-4CB4-939C-A09228EAFB45}
	EndGlobalSection
EndGlobal
